
Microsoft Visual Studio Solution File, Format Version 12.00
# Visual Studio Version 16
VisualStudioVersion = 16.0.30413.136
MinimumVisualStudioVersion = 10.0.40219.1
Project("{FAE04EC0-301F-11D3-BF4B-00C04F79EFBC}") = "unscramble", "unscramble.csproj", "{12C1919F-614B-4D56-A1D7-95687738AC20}"
EndProject
Global
	GlobalSection(SolutionConfigurationPlatforms) = preSolution
		Debug|Any CPU = Debug|Any CPU
		Release|Any CPU = Release|Any CPU
	EndGlobalSection
	GlobalSection(ProjectConfigurationPlatforms) = postSolution
		{12C1919F-614B-4D56-A1D7-95687738AC20}.Debug|Any CPU.ActiveCfg = Debug|Any CPU
		{12C1919F-614B-4D56-A1D7-95687738AC20}.Debug|Any CPU.Build.0 = Debug|Any CPU
		{12C1919F-614B-4D56-A1D7-95687738AC20}.Release|Any CPU.ActiveCfg = Release|Any CPU
		{12C1919F-614B-4D56-A1D7-95687738AC20}.Release|Any CPU.Build.0 = Release|Any CPU
	EndGlobalSection
	GlobalSection(SolutionProperties) = preSolution
		HideSolutionNode = FALSE
	EndGlobalSection
	GlobalSection(ExtensibilityGlobals) = postSolution
		SolutionGuid = {652DEDC8-E545-440E-95EF-34DF7C3DCCD8}
	EndGlobalSection
EndGlobal
